
Microsoft Visual Studio Solution File, Format Version 12.00
# Visual Studio Version 17
VisualStudioVersion = 17.9.34310.174
MinimumVisualStudioVersion = 10.0.40219.1
Project("{FAE04EC0-301F-11D3-BF4B-00C04F79EFBC}") = "EFCore8SQLRaw", "EFCore8SQLRaw\EFCore8SQLRaw.csproj", "{CE8D7C50-EA4D-4AED-8649-B66E10ABFE61}"
EndProject
Global
	GlobalSection(SolutionConfigurationPlatforms) = preSolution
		Debug|Any CPU = Debug|Any CPU
		Release|Any CPU = Release|Any CPU
	EndGlobalSection
	GlobalSection(ProjectConfigurationPlatforms) = postSolution
		{CE8D7C50-EA4D-4AED-8649-B66E10ABFE61}.Debug|Any CPU.ActiveCfg = Debug|Any CPU
		{CE8D7C50-EA4D-4AED-8649-B66E10ABFE61}.Debug|Any CPU.Build.0 = Debug|Any CPU
		{CE8D7C50-EA4D-4AED-8649-B66E10ABFE61}.Release|Any CPU.ActiveCfg = Release|Any CPU
		{CE8D7C50-EA4D-4AED-8649-B66E10ABFE61}.Release|Any CPU.Build.0 = Release|Any CPU
	EndGlobalSection
	GlobalSection(SolutionProperties) = preSolution
		HideSolutionNode = FALSE
	EndGlobalSection
	GlobalSection(ExtensibilityGlobals) = postSolution
		SolutionGuid = {C994FAC9-7931-4B76-B88C-28EF15A9F60C}
	EndGlobalSection
EndGlobal
